Microsoft Visual Studio Solution File, Format Version 12.00
# Visual Studio Version 17
VisualStudioVersion = 17.5.2.0
MinimumVisualStudioVersion = 10.0.40219.1
Project("{FAE04EC0-301F-11D3-BF4B-00C04F79EFBC}") = "CSharpSpeedRush", "CSharpSpeedRush.csproj", "{CAE2CEC8-E5AC-98EC-8D9C-8432EABE215F}"
EndProject
Project("{FAE04EC0-301F-11D3-BF4B-00C04F79EFBC}") = "CSharpSpeedRush.Tests", "UnitTests\CSharpSpeedRush.Tests.csproj", "{F8FDA095-EF0B-E494-B83C-BA04277211D4}"
EndProject
Global
	GlobalSection(SolutionConfigurationPlatforms) = preSolution
		Debug|Any CPU = Debug|Any CPU
		Release|Any CPU = Release|Any CPU
	EndGlobalSection
	GlobalSection(ProjectConfigurationPlatforms) = postSolution
		{CAE2CEC8-E5AC-98EC-8D9C-8432EABE215F}.Debug|Any CPU.ActiveCfg = Debug|Any CPU
		{CAE2CEC8-E5AC-98EC-8D9C-8432EABE215F}.Debug|Any CPU.Build.0 = Debug|Any CPU
		{CAE2CEC8-E5AC-98EC-8D9C-8432EABE215F}.Release|Any CPU.ActiveCfg = Release|Any CPU
		{CAE2CEC8-E5AC-98EC-8D9C-8432EABE215F}.Release|Any CPU.Build.0 = Release|Any CPU
		{F8FDA095-EF0B-E494-B83C-BA04277211D4}.Debug|Any CPU.ActiveCfg = Debug|Any CPU
		{F8FDA095-EF0B-E494-B83C-BA04277211D4}.Debug|Any CPU.Build.0 = Debug|Any CPU
		{F8FDA095-EF0B-E494-B83C-BA04277211D4}.Release|Any CPU.ActiveCfg = Release|Any CPU
		{F8FDA095-EF0B-E494-B83C-BA04277211D4}.Release|Any CPU.Build.0 = Release|Any CPU
	EndGlobalSection
	GlobalSection(SolutionProperties) = preSolution
		HideSolutionNode = FALSE
	EndGlobalSection
	GlobalSection(ExtensibilityGlobals) = postSolution
		SolutionGuid = {54514BEE-01D2-4CF3-97B1-0F36E4D63655}
	EndGlobalSection
EndGlobal
